// !$*UTF8*$!
{
	archiveVersion = 1;
	classes = {
	};
	objectVersion = 46;
	objects = {

/* Begin PBXBuildFile section */
		F956F72E1E923D930060C502 /* CoreFoundation.framework in Frameworks */ = {isa = PBXBuildFile; fileRef = F956F72D1E923D930060C502 /* CoreFoundation.framework */; };
		F956F7351E923D990060C502 /* SSM_jana_Xcode.h in Headers */ = {isa = PBXBuildFile; fileRef = F956F7341E923D990060C502 /* SSM_jana_Xcode.h */; };
		F956F7371E923D9A0060C502 /* SSM_jana_XcodePriv.h in Headers */ = {isa = PBXBuildFile; fileRef = F956F7361E923D9A0060C502 /* SSM_jana_XcodePriv.h */; };
		F956F7391E923D9C0060C502 /* SSM_jana_Xcode.cp in Sources */ = {isa = PBXBuildFile; fileRef = F956F7381E923D9C0060C502 /* SSM_jana_Xcode.cp */; };
/* End PBXBuildFile section */

/* Begin PBXFileReference section */
		F956F72A1E923D930060C502 /* SSM_jana_Xcode.bundle */ = {isa = PBXFileReference; explicitFileType = wrapper.cfbundle; includeInIndex = 0; path = SSM_jana_Xcode.bundle; sourceTree = BUILT_PRODUCTS_DIR; };
		F956F72D1E923D930060C502 /* CoreFoundation.framework */ = {isa = PBXFileReference; lastKnownFileType = wrapper.framework; name = CoreFoundation.framework; path = System/Library/Frameworks/CoreFoundation.framework; sourceTree = SDKROOT; };
		F956F7311E923D950060C502 /* Info.plist */ = {isa = PBXFileReference; lastKnownFileType = text.plist.xml; path = Info.plist; sourceTree = "<group>"; };
		F956F7321E923D970060C502 /* SSM_jana_XcodeProj.xcconfig */ = {isa = PBXFileReference; lastKnownFileType = text.xcconfig; path = SSM_jana_XcodeProj.xcconfig; sourceTree = "<group>"; };
		F956F7331E923D980060C502 /* SSM_jana_XcodeTarget.xcconfig */ = {isa = PBXFileReference; lastKnownFileType = text.xcconfig; path = SSM_jana_XcodeTarget.xcconfig; sourceTree = "<group>"; };
		F956F7341E923D990060C502 /* SSM_jana_Xcode.h */ = {isa = PBXFileReference; lastKnownFileType = sourcecode.c.h; path = SSM_jana_Xcode.h; sourceTree = "<group>"; };
		F956F7361E923D9A0060C502 /* SSM_jana_XcodePriv.h */ = {isa = PBXFileReference; lastKnownFileType = sourcecode.c.h; path = SSM_jana_XcodePriv.h; sourceTree = "<group>"; };
		F956F7381E923D9C0060C502 /* SSM_jana_Xcode.cp */ = {isa = PBXFileReference; lastKnownFileType = sourcecode.cpp.cpp; path = SSM_jana_Xcode.cp; sourceTree = "<group>"; };
		F956F73F1E923DD20060C502 /* source */ = {isa = PBXFileReference; lastKnownFileType = folder; name = source; path = ../source; sourceTree = "<group>"; };
		F9DAD95E1FDED5CB00D24DF2 /* ReactionSystems */ = {isa = PBXFileReference; lastKnownFileType = folder; name = ReactionSystems; path = ../ReactionSystems; sourceTree = "<group>"; };
/* End PBXFileReference section */

/* Begin PBXFrameworksBuildPhase section */
		F956F7271E923D930060C502 /* Frameworks */ = {
			isa = PBXFrameworksBuildPhase;
			buildActionMask = 2147483647;
			files = (
				F956F72E1E923D930060C502 /* CoreFoundation.framework in Frameworks */,
			);
			runOnlyForDeploymentPostprocessing = 0;
		};
/* End PBXFrameworksBuildPhase section */

/* Begin PBXGroup section */
		F956F7211E923D920060C502 = {
			isa = PBXGroup;
			children = (
				F9DAD95E1FDED5CB00D24DF2 /* ReactionSystems */,
				F956F73F1E923DD20060C502 /* source */,
				F956F72F1E923D930060C502 /* SSM_jana_Xcode */,
				F956F72C1E923D930060C502 /* Frameworks */,
				F956F72B1E923D930060C502 /* Products */,
			);
			sourceTree = "<group>";
		};
		F956F72B1E923D930060C502 /* Products */ = {
			isa = PBXGroup;
			children = (
				F956F72A1E923D930060C502 /* SSM_jana_Xcode.bundle */,
			);
			name = Products;
			sourceTree = "<group>";
		};
		F956F72C1E923D930060C502 /* Frameworks */ = {
			isa = PBXGroup;
			children = (
				F956F72D1E923D930060C502 /* CoreFoundation.framework */,
			);
			name = Frameworks;
			sourceTree = "<group>";
		};
		F956F72F1E923D930060C502 /* SSM_jana_Xcode */ = {
			isa = PBXGroup;
			children = (
				F956F7321E923D970060C502 /* SSM_jana_XcodeProj.xcconfig */,
				F956F7331E923D980060C502 /* SSM_jana_XcodeTarget.xcconfig */,
				F956F7341E923D990060C502 /* SSM_jana_Xcode.h */,
				F956F7361E923D9A0060C502 /* SSM_jana_XcodePriv.h */,
				F956F7381E923D9C0060C502 /* SSM_jana_Xcode.cp */,
				F956F7301E923D950060C502 /* Supporting Files */,
			);
			path = SSM_jana_Xcode;
			sourceTree = "<group>";
		};
		F956F7301E923D950060C502 /* Supporting Files */ = {
			isa = PBXGroup;
			children = (
				F956F7311E923D950060C502 /* Info.plist */,
			);
			name = "Supporting Files";
			sourceTree = "<group>";
		};
/* End PBXGroup section */

/* Begin PBXHeadersBuildPhase section */
		F956F7281E923D930060C502 /* Headers */ = {
			isa = PBXHeadersBuildPhase;
			buildActionMask = 2147483647;
			files = (
				F956F7351E923D990060C502 /* SSM_jana_Xcode.h in Headers */,
				F956F7371E923D9A0060C502 /* SSM_jana_XcodePriv.h in Headers */,
			);
			runOnlyForDeploymentPostprocessing = 0;
		};
/* End PBXHeadersBuildPhase section */

/* Begin PBXNativeTarget section */
		F956F7291E923D930060C502 /* SSM_jana_Xcode */ = {
			isa = PBXNativeTarget;
			buildConfigurationList = F956F73C1E923D9C0060C502 /* Build configuration list for PBXNativeTarget "SSM_jana_Xcode" */;
			buildPhases = (
				F956F7261E923D930060C502 /* Sources */,
				F956F7271E923D930060C502 /* Frameworks */,
				F956F7281E923D930060C502 /* Headers */,
			);
			buildRules = (
			);
			dependencies = (
			);
			name = SSM_jana_Xcode;
			productName = SSM_jana_Xcode;
			productReference = F956F72A1E923D930060C502 /* SSM_jana_Xcode.bundle */;
			productType = "com.apple.product-type.bundle";
		};
/* End PBXNativeTarget section */

/* Begin PBXProject section */
		F956F7221E923D920060C502 /* Project object */ = {
			isa = PBXProject;
			attributes = {
				LastUpgradeCheck = 0640;
				ORGANIZATIONNAME = Lipkova;
				TargetAttributes = {
					F956F7291E923D930060C502 = {
						CreatedOnToolsVersion = 6.4;
					};
				};
			};
			buildConfigurationList = F956F7251E923D920060C502 /* Build configuration list for PBXProject "SSM_jana_Xcode" */;
			compatibilityVersion = "Xcode 3.2";
			developmentRegion = English;
			hasScannedForEncodings = 0;
			knownRegions = (
				en,
			);
			mainGroup = F956F7211E923D920060C502;
			productRefGroup = F956F72B1E923D930060C502 /* Products */;
			projectDirPath = "";
			projectRoot = "";
			targets = (
				F956F7291E923D930060C502 /* SSM_jana_Xcode */,
			);
		};
/* End PBXProject section */

/* Begin PBXSourcesBuildPhase section */
		F956F7261E923D930060C502 /* Sources */ = {
			isa = PBXSourcesBuildPhase;
			buildActionMask = 2147483647;
			files = (
				F956F7391E923D9C0060C502 /* SSM_jana_Xcode.cp in Sources */,
			);
			runOnlyForDeploymentPostprocessing = 0;
		};
/* End PBXSourcesBuildPhase section */

/* Begin XCBuildConfiguration section */
		F956F73A1E923D9C0060C502 /* Debug */ = {
			isa = XCBuildConfiguration;
			buildSettings = {
				ALWAYS_SEARCH_USER_PATHS = NO;
				CLANG_CXX_LANGUAGE_STANDARD = "gnu++0x";
				CLANG_CXX_LIBRARY = "libc++";
				CLANG_ENABLE_MODULES = YES;
				CLANG_ENABLE_OBJC_ARC = YES;
				CLANG_WARN_BOOL_CONVERSION = YES;
				CLANG_WARN_CONSTANT_CONVERSION = YES;
				CLANG_WARN_DIRECT_OBJC_ISA_USAGE = YES_ERROR;
				CLANG_WARN_EMPTY_BODY = YES;
				CLANG_WARN_ENUM_CONVERSION = YES;
				CLANG_WARN_INT_CONVERSION = YES;
				CLANG_WARN_OBJC_ROOT_CLASS = YES_ERROR;
				CLANG_WARN_UNREACHABLE_CODE = YES;
				CLANG_WARN__DUPLICATE_METHOD_MATCH = YES;
				COPY_PHASE_STRIP = NO;
				DEBUG_INFORMATION_FORMAT = dwarf;
				ENABLE_STRICT_OBJC_MSGSEND = YES;
				GCC_C_LANGUAGE_STANDARD = gnu99;
				GCC_DYNAMIC_NO_PIC = NO;
				GCC_NO_COMMON_BLOCKS = YES;
				GCC_OPTIMIZATION_LEVEL = 0;
				GCC_PREPROCESSOR_DEFINITIONS = (
					"DEBUG=1",
					"$(inherited)",
				);
				GCC_SYMBOLS_PRIVATE_EXTERN = NO;
				GCC_WARN_64_TO_32_BIT_CONVERSION = YES;
				GCC_WARN_ABOUT_RETURN_TYPE = YES_ERROR;
				GCC_WARN_UNDECLARED_SELECTOR = YES;
				GCC_WARN_UNINITIALIZED_AUTOS = YES_AGGRESSIVE;
				GCC_WARN_UNUSED_FUNCTION = YES;
				GCC_WARN_UNUSED_VARIABLE = YES;
				MACOSX_DEPLOYMENT_TARGET = 10.10;
				MTL_ENABLE_DEBUG_INFO = YES;
				ONLY_ACTIVE_ARCH = YES;
				SDKROOT = macosx;
			};
			name = Debug;
		};
		F956F73B1E923D9C0060C502 /* Release */ = {
			isa = XCBuildConfiguration;
			buildSettings = {
				ALWAYS_SEARCH_USER_PATHS = NO;
				CLANG_CXX_LANGUAGE_STANDARD = "gnu++0x";
				CLANG_CXX_LIBRARY = "libc++";
				CLANG_ENABLE_MODULES = YES;
				CLANG_ENABLE_OBJC_ARC = YES;
				CLANG_WARN_BOOL_CONVERSION = YES;
				CLANG_WARN_CONSTANT_CONVERSION = YES;
				CLANG_WARN_DIRECT_OBJC_ISA_USAGE = YES_ERROR;
				CLANG_WARN_EMPTY_BODY = YES;
				CLANG_WARN_ENUM_CONVERSION = YES;
				CLANG_WARN_INT_CONVERSION = YES;
				CLANG_WARN_OBJC_ROOT_CLASS = YES_ERROR;
				CLANG_WARN_UNREACHABLE_CODE = YES;
				CLANG_WARN__DUPLICATE_METHOD_MATCH = YES;
				COPY_PHASE_STRIP = NO;
				DEBUG_INFORMATION_FORMAT = "dwarf-with-dsym";
				ENABLE_NS_ASSERTIONS = NO;
				ENABLE_STRICT_OBJC_MSGSEND = YES;
				GCC_C_LANGUAGE_STANDARD = gnu99;
				GCC_NO_COMMON_BLOCKS = YES;
				GCC_WARN_64_TO_32_BIT_CONVERSION = YES;
				GCC_WARN_ABOUT_RETURN_TYPE = YES_ERROR;
				GCC_WARN_UNDECLARED_SELECTOR = YES;
				GCC_WARN_UNINITIALIZED_AUTOS = YES_AGGRESSIVE;
				GCC_WARN_UNUSED_FUNCTION = YES;
				GCC_WARN_UNUSED_VARIABLE = YES;
				MACOSX_DEPLOYMENT_TARGET = 10.10;
				MTL_ENABLE_DEBUG_INFO = NO;
				SDKROOT = macosx;
			};
			name = Release;
		};
		F956F73D1E923D9C0060C502 /* Debug */ = {
			isa = XCBuildConfiguration;
			buildSettings = {
				COMBINE_HIDPI_IMAGES = YES;
				INFOPLIST_FILE = SSM_jana_Xcode/Info.plist;
				PRODUCT_NAME = "$(TARGET_NAME)";
			};
			name = Debug;
		};
		F956F73E1E923D9C0060C502 /* Release */ = {
			isa = XCBuildConfiguration;
			buildSettings = {
				COMBINE_HIDPI_IMAGES = YES;
				INFOPLIST_FILE = SSM_jana_Xcode/Info.plist;
				PRODUCT_NAME = "$(TARGET_NAME)";
			};
			name = Release;
		};
/* End XCBuildConfiguration section */

/* Begin XCConfigurationList section */
		F956F7251E923D920060C502 /* Build configuration list for PBXProject "SSM_jana_Xcode" */ = {
			isa = XCConfigurationList;
			buildConfigurations = (
				F956F73A1E923D9C0060C502 /* Debug */,
				F956F73B1E923D9C0060C502 /* Release */,
			);
			defaultConfigurationIsVisible = 0;
			defaultConfigurationName = Release;
		};
		F956F73C1E923D9C0060C502 /* Build configuration list for PBXNativeTarget "SSM_jana_Xcode" */ = {
			isa = XCConfigurationList;
			buildConfigurations = (
				F956F73D1E923D9C0060C502 /* Debug */,
				F956F73E1E923D9C0060C502 /* Release */,
			);
			defaultConfigurationIsVisible = 0;
			defaultConfigurationName = Release;
		};
/* End XCConfigurationList section */
	};
	rootObject = F956F7221E923D920060C502 /* Project object */;
}
