// !$*UTF8*$!
{
	archiveVersion = 1;
	classes = {
	};
	objectVersion = 45;
	objects = {

/* Begin PBXBuildFile section */
		8DD76F650486A84900D96B5E /* main.cpp in Sources */ = {isa = PBXBuildFile; fileRef = 08FB7796FE84155DC02AAC07 /* main.cpp */; settings = {ATTRIBUTES = (); }; };
		8DD76F6A0486A84900D96B5E /* SSM.1 in CopyFiles */ = {isa = PBXBuildFile; fileRef = C6859E8B029090EE04C91782 /* SSM.1 */; };
		F97CBDCF18ACBF9A00DB4714 /* main.cpp in Sources */ = {isa = PBXBuildFile; fileRef = F97CBD8518ACBF9A00DB4714 /* main.cpp */; };
		F97CBDD018ACBF9A00DB4714 /* ranlib.cpp in Sources */ = {isa = PBXBuildFile; fileRef = F97CBD9918ACBF9A00DB4714 /* ranlib.cpp */; };
		F97CBDD118ACBF9A00DB4714 /* linpack.cpp in Sources */ = {isa = PBXBuildFile; fileRef = F97CBD9A18ACBF9A00DB4714 /* linpack.cpp */; };
		F97CBDD218ACBF9A00DB4714 /* com.cpp in Sources */ = {isa = PBXBuildFile; fileRef = F97CBD9C18ACBF9A00DB4714 /* com.cpp */; };
		F97CBDD318ACBF9A00DB4714 /* Jacobian.cpp in Sources */ = {isa = PBXBuildFile; fileRef = F97CBD9D18ACBF9A00DB4714 /* Jacobian.cpp */; };
		F97CBDD418ACBF9A00DB4714 /* SSMReaction.cpp in Sources */ = {isa = PBXBuildFile; fileRef = F97CBD9E18ACBF9A00DB4714 /* SSMReaction.cpp */; };
		F97CBDD518ACBF9A00DB4714 /* SBMLReaderAndParser.cpp in Sources */ = {isa = PBXBuildFile; fileRef = F97CBD9F18ACBF9A00DB4714 /* SBMLReaderAndParser.cpp */; };
		F97CBDD618ACBF9A00DB4714 /* StochasticSimulationMethods.cpp in Sources */ = {isa = PBXBuildFile; fileRef = F97CBDA018ACBF9A00DB4714 /* StochasticSimulationMethods.cpp */; };
		F97CBDD718ACBF9A00DB4714 /* StochasticSimulationMethodsGenerateXML.cpp in Sources */ = {isa = PBXBuildFile; fileRef = F97CBDA118ACBF9A00DB4714 /* StochasticSimulationMethodsGenerateXML.cpp */; };
		F97CBDD818ACBF9A00DB4714 /* DelaySSA.cpp in Sources */ = {isa = PBXBuildFile; fileRef = F97CBDA518ACBF9A00DB4714 /* DelaySSA.cpp */; };
		F97CBDD918ACBF9A00DB4714 /* RLeaping.cpp in Sources */ = {isa = PBXBuildFile; fileRef = F97CBDA718ACBF9A00DB4714 /* RLeaping.cpp */; };
		F97CBDDA18ACBF9A00DB4714 /* DelayTauLeapingPhilippe.cpp in Sources */ = {isa = PBXBuildFile; fileRef = F97CBDA818ACBF9A00DB4714 /* DelayTauLeapingPhilippe.cpp */; };
		F97CBDDB18ACBF9A00DB4714 /* AdaptiveTau.cpp in Sources */ = {isa = PBXBuildFile; fileRef = F97CBDAB18ACBF9A00DB4714 /* AdaptiveTau.cpp */; };
		F97CBDDC18ACBF9A00DB4714 /* DelayTauLeaping.cpp in Sources */ = {isa = PBXBuildFile; fileRef = F97CBDAF18ACBF9A00DB4714 /* DelayTauLeaping.cpp */; };
		F97CBDDD18ACBF9A00DB4714 /* SSALDM.cpp in Sources */ = {isa = PBXBuildFile; fileRef = F97CBDB018ACBF9A00DB4714 /* SSALDM.cpp */; };
		F97CBDDE18ACBF9A00DB4714 /* RLeapingJana.cpp in Sources */ = {isa = PBXBuildFile; fileRef = F97CBDB218ACBF9A00DB4714 /* RLeapingJana.cpp */; };
		F97CBDDF18ACBF9A00DB4714 /* AdaptiveSLeapingCL.cpp in Sources */ = {isa = PBXBuildFile; fileRef = F97CBDB918ACBF9A00DB4714 /* AdaptiveSLeapingCL.cpp */; };
		F97CBDE018ACBF9A00DB4714 /* DelayTauLeapingLeier.cpp in Sources */ = {isa = PBXBuildFile; fileRef = F97CBDBB18ACBF9A00DB4714 /* DelayTauLeapingLeier.cpp */; };
		F97CBDE118ACBF9A00DB4714 /* RootFinderJacobian.cpp in Sources */ = {isa = PBXBuildFile; fileRef = F97CBDBD18ACBF9A00DB4714 /* RootFinderJacobian.cpp */; };
		F97CBDE218ACBF9A00DB4714 /* TauLeapingCT.cpp in Sources */ = {isa = PBXBuildFile; fileRef = F97CBDC018ACBF9A00DB4714 /* TauLeapingCT.cpp */; };
		F97CBDE318ACBF9A00DB4714 /* SLeaping.cpp in Sources */ = {isa = PBXBuildFile; fileRef = F97CBDC118ACBF9A00DB4714 /* SLeaping.cpp */; };
		F97CBDE418ACBF9A00DB4714 /* RootFinder.cpp in Sources */ = {isa = PBXBuildFile; fileRef = F97CBDC218ACBF9A00DB4714 /* RootFinder.cpp */; };
		F97CBDE518ACBF9A00DB4714 /* SSA.cpp in Sources */ = {isa = PBXBuildFile; fileRef = F97CBDC418ACBF9A00DB4714 /* SSA.cpp */; };
		F97CBDE618ACBF9A00DB4714 /* AdaptiveSLeaping.cpp in Sources */ = {isa = PBXBuildFile; fileRef = F97CBDC518ACBF9A00DB4714 /* AdaptiveSLeaping.cpp */; };
		F97CBDE718ACBF9A00DB4714 /* DelayRLeaping.cpp in Sources */ = {isa = PBXBuildFile; fileRef = F97CBDC718ACBF9A00DB4714 /* DelayRLeaping.cpp */; };
		F97CBDE818ACBF9A00DB4714 /* TauLeaping.cpp in Sources */ = {isa = PBXBuildFile; fileRef = F97CBDC818ACBF9A00DB4714 /* TauLeaping.cpp */; };
		F97CBDE918ACBF9A00DB4714 /* Timer.cpp in Sources */ = {isa = PBXBuildFile; fileRef = F97CBDCB18ACBF9A00DB4714 /* Timer.cpp */; };
		F97CBDEA18ACBF9A00DB4714 /* Simulation.cpp in Sources */ = {isa = PBXBuildFile; fileRef = F97CBDCC18ACBF9A00DB4714 /* Simulation.cpp */; };
/* End PBXBuildFile section */

/* Begin PBXCopyFilesBuildPhase section */
		8DD76F690486A84900D96B5E /* CopyFiles */ = {
			isa = PBXCopyFilesBuildPhase;
			buildActionMask = 8;
			dstPath = /usr/share/man/man1/;
			dstSubfolderSpec = 0;
			files = (
				8DD76F6A0486A84900D96B5E /* SSM.1 in CopyFiles */,
			);
			runOnlyForDeploymentPostprocessing = 1;
		};
/* End PBXCopyFilesBuildPhase section */

/* Begin PBXFileReference section */
		08FB7796FE84155DC02AAC07 /* main.cpp */ = {isa = PBXFileReference; fileEncoding = 4; lastKnownFileType = sourcecode.cpp.cpp; path = main.cpp; sourceTree = "<group>"; };
		8DD76F6C0486A84900D96B5E /* SSM */ = {isa = PBXFileReference; explicitFileType = "compiled.mach-o.executable"; includeInIndex = 0; path = SSM; sourceTree = BUILT_PRODUCTS_DIR; };
		C6859E8B029090EE04C91782 /* SSM.1 */ = {isa = PBXFileReference; lastKnownFileType = text.man; path = SSM.1; sourceTree = "<group>"; };
		F97CBD7F18ACBF9A00DB4714 /* RandomNumberGenerator_UniformMT.h */ = {isa = PBXFileReference; fileEncoding = 4; lastKnownFileType = sourcecode.c.h; path = RandomNumberGenerator_UniformMT.h; sourceTree = "<group>"; };
		F97CBD8018ACBF9A00DB4714 /* HeaderFiles.h */ = {isa = PBXFileReference; fileEncoding = 4; lastKnownFileType = sourcecode.c.h; path = HeaderFiles.h; sourceTree = "<group>"; };
		F97CBD8218ACBF9A00DB4714 /* SSM.xcodeproj */ = {isa = PBXFileReference; lastKnownFileType = "wrapper.pb-project"; path = SSM.xcodeproj; sourceTree = "<group>"; };
		F97CBD8518ACBF9A00DB4714 /* main.cpp */ = {isa = PBXFileReference; fileEncoding = 4; lastKnownFileType = sourcecode.cpp.cpp; path = main.cpp; sourceTree = "<group>"; };
		F97CBD8918ACBF9A00DB4714 /* decls.pbxbtree */ = {isa = PBXFileReference; lastKnownFileType = file; path = decls.pbxbtree; sourceTree = "<group>"; };
		F97CBD8A18ACBF9A00DB4714 /* files.pbxbtree */ = {isa = PBXFileReference; lastKnownFileType = file; path = files.pbxbtree; sourceTree = "<group>"; };
		F97CBD8B18ACBF9A00DB4714 /* categories.pbxbtree */ = {isa = PBXFileReference; lastKnownFileType = file; path = categories.pbxbtree; sourceTree = "<group>"; };
		F97CBD8C18ACBF9A00DB4714 /* cdecls.pbxbtree */ = {isa = PBXFileReference; lastKnownFileType = file; path = cdecls.pbxbtree; sourceTree = "<group>"; };
		F97CBD8D18ACBF9A00DB4714 /* imports.pbxbtree */ = {isa = PBXFileReference; lastKnownFileType = file; path = imports.pbxbtree; sourceTree = "<group>"; };
		F97CBD8E18ACBF9A00DB4714 /* subclasses.pbxbtree */ = {isa = PBXFileReference; lastKnownFileType = file; path = subclasses.pbxbtree; sourceTree = "<group>"; };
		F97CBD8F18ACBF9A00DB4714 /* protocols.pbxbtree */ = {isa = PBXFileReference; lastKnownFileType = file; path = protocols.pbxbtree; sourceTree = "<group>"; };
		F97CBD9018ACBF9A00DB4714 /* symbols0.pbxsymbols */ = {isa = PBXFileReference; lastKnownFileType = file; path = symbols0.pbxsymbols; sourceTree = "<group>"; };
		F97CBD9118ACBF9A00DB4714 /* refs.pbxbtree */ = {isa = PBXFileReference; lastKnownFileType = file; path = refs.pbxbtree; sourceTree = "<group>"; };
		F97CBD9318ACBF9A00DB4714 /* control */ = {isa = PBXFileReference; lastKnownFileType = file; path = control; sourceTree = "<group>"; };
		F97CBD9418ACBF9A00DB4714 /* strings */ = {isa = PBXFileReference; lastKnownFileType = file; path = strings; sourceTree = "<group>"; };
		F97CBD9518ACBF9A00DB4714 /* pbxindex.header */ = {isa = PBXFileReference; lastKnownFileType = file; path = pbxindex.header; sourceTree = "<group>"; };
		F97CBD9618ACBF9A00DB4714 /* SSM.1 */ = {isa = PBXFileReference; fileEncoding = 4; lastKnownFileType = text.man; path = SSM.1; sourceTree = "<group>"; };
		F97CBD9718ACBF9A00DB4714 /* SBMLReaderAndParser.h */ = {isa = PBXFileReference; fileEncoding = 4; lastKnownFileType = sourcecode.c.h; path = SBMLReaderAndParser.h; sourceTree = "<group>"; };
		F97CBD9918ACBF9A00DB4714 /* ranlib.cpp */ = {isa = PBXFileReference; fileEncoding = 4; lastKnownFileType = sourcecode.cpp.cpp; path = ranlib.cpp; sourceTree = "<group>"; };
		F97CBD9A18ACBF9A00DB4714 /* linpack.cpp */ = {isa = PBXFileReference; fileEncoding = 4; lastKnownFileType = sourcecode.cpp.cpp; path = linpack.cpp; sourceTree = "<group>"; };
		F97CBD9B18ACBF9A00DB4714 /* ranlib.h */ = {isa = PBXFileReference; fileEncoding = 4; lastKnownFileType = sourcecode.c.h; path = ranlib.h; sourceTree = "<group>"; };
		F97CBD9C18ACBF9A00DB4714 /* com.cpp */ = {isa = PBXFileReference; fileEncoding = 4; lastKnownFileType = sourcecode.cpp.cpp; path = com.cpp; sourceTree = "<group>"; };
		F97CBD9D18ACBF9A00DB4714 /* Jacobian.cpp */ = {isa = PBXFileReference; fileEncoding = 4; lastKnownFileType = sourcecode.cpp.cpp; path = Jacobian.cpp; sourceTree = "<group>"; };
		F97CBD9E18ACBF9A00DB4714 /* SSMReaction.cpp */ = {isa = PBXFileReference; fileEncoding = 4; lastKnownFileType = sourcecode.cpp.cpp; path = SSMReaction.cpp; sourceTree = "<group>"; };
		F97CBD9F18ACBF9A00DB4714 /* SBMLReaderAndParser.cpp */ = {isa = PBXFileReference; fileEncoding = 4; lastKnownFileType = sourcecode.cpp.cpp; path = SBMLReaderAndParser.cpp; sourceTree = "<group>"; };
		F97CBDA018ACBF9A00DB4714 /* StochasticSimulationMethods.cpp */ = {isa = PBXFileReference; fileEncoding = 4; lastKnownFileType = sourcecode.cpp.cpp; path = StochasticSimulationMethods.cpp; sourceTree = "<group>"; };
		F97CBDA118ACBF9A00DB4714 /* StochasticSimulationMethodsGenerateXML.cpp */ = {isa = PBXFileReference; fileEncoding = 4; lastKnownFileType = sourcecode.cpp.cpp; path = StochasticSimulationMethodsGenerateXML.cpp; sourceTree = "<group>"; };
		F97CBDA318ACBF9A00DB4714 /* TauLeaping.h */ = {isa = PBXFileReference; fileEncoding = 4; lastKnownFileType = sourcecode.c.h; path = TauLeaping.h; sourceTree = "<group>"; };
		F97CBDA418ACBF9A00DB4714 /* DelayTauLeapingPhilippe.h */ = {isa = PBXFileReference; fileEncoding = 4; lastKnownFileType = sourcecode.c.h; path = DelayTauLeapingPhilippe.h; sourceTree = "<group>"; };
		F97CBDA518ACBF9A00DB4714 /* DelaySSA.cpp */ = {isa = PBXFileReference; fileEncoding = 4; lastKnownFileType = sourcecode.cpp.cpp; path = DelaySSA.cpp; sourceTree = "<group>"; };
		F97CBDA618ACBF9A00DB4714 /* RootFinderJacobian.h */ = {isa = PBXFileReference; fileEncoding = 4; lastKnownFileType = sourcecode.c.h; path = RootFinderJacobian.h; sourceTree = "<group>"; };
		F97CBDA718ACBF9A00DB4714 /* RLeaping.cpp */ = {isa = PBXFileReference; fileEncoding = 4; lastKnownFileType = sourcecode.cpp.cpp; path = RLeaping.cpp; sourceTree = "<group>"; };
		F97CBDA818ACBF9A00DB4714 /* DelayTauLeapingPhilippe.cpp */ = {isa = PBXFileReference; fileEncoding = 4; lastKnownFileType = sourcecode.cpp.cpp; path = DelayTauLeapingPhilippe.cpp; sourceTree = "<group>"; };
		F97CBDA918ACBF9A00DB4714 /* LeapMethod.h */ = {isa = PBXFileReference; fileEncoding = 4; lastKnownFileType = sourcecode.c.h; path = LeapMethod.h; sourceTree = "<group>"; };
		F97CBDAA18ACBF9A00DB4714 /* DelayRLeaping.h */ = {isa = PBXFileReference; fileEncoding = 4; lastKnownFileType = sourcecode.c.h; path = DelayRLeaping.h; sourceTree = "<group>"; };
		F97CBDAB18ACBF9A00DB4714 /* AdaptiveTau.cpp */ = {isa = PBXFileReference; fileEncoding = 4; lastKnownFileType = sourcecode.cpp.cpp; path = AdaptiveTau.cpp; sourceTree = "<group>"; };
		F97CBDAC18ACBF9A00DB4714 /* SLeaping.h */ = {isa = PBXFileReference; fileEncoding = 4; lastKnownFileType = sourcecode.c.h; path = SLeaping.h; sourceTree = "<group>"; };
		F97CBDAD18ACBF9A00DB4714 /* TauLeapingCT.h */ = {isa = PBXFileReference; fileEncoding = 4; lastKnownFileType = sourcecode.c.h; path = TauLeapingCT.h; sourceTree = "<group>"; };
		F97CBDAE18ACBF9A00DB4714 /* RootFinder.h */ = {isa = PBXFileReference; fileEncoding = 4; lastKnownFileType = sourcecode.c.h; path = RootFinder.h; sourceTree = "<group>"; };
		F97CBDAF18ACBF9A00DB4714 /* DelayTauLeaping.cpp */ = {isa = PBXFileReference; fileEncoding = 4; lastKnownFileType = sourcecode.cpp.cpp; path = DelayTauLeaping.cpp; sourceTree = "<group>"; };
		F97CBDB018ACBF9A00DB4714 /* SSALDM.cpp */ = {isa = PBXFileReference; fileEncoding = 4; lastKnownFileType = sourcecode.cpp.cpp; path = SSALDM.cpp; sourceTree = "<group>"; };
		F97CBDB118ACBF9A00DB4714 /* DelaySSA.h */ = {isa = PBXFileReference; fileEncoding = 4; lastKnownFileType = sourcecode.c.h; path = DelaySSA.h; sourceTree = "<group>"; };
		F97CBDB218ACBF9A00DB4714 /* RLeapingJana.cpp */ = {isa = PBXFileReference; fileEncoding = 4; lastKnownFileType = sourcecode.cpp.cpp; path = RLeapingJana.cpp; sourceTree = "<group>"; };
		F97CBDB318ACBF9A00DB4714 /* Method.h */ = {isa = PBXFileReference; fileEncoding = 4; lastKnownFileType = sourcecode.c.h; path = Method.h; sourceTree = "<group>"; };
		F97CBDB418ACBF9A00DB4714 /* RLeapingJana.h */ = {isa = PBXFileReference; fileEncoding = 4; lastKnownFileType = sourcecode.c.h; path = RLeapingJana.h; sourceTree = "<group>"; };
		F97CBDB518ACBF9A00DB4714 /* RLeapingGPU.cpp.old */ = {isa = PBXFileReference; fileEncoding = 4; lastKnownFileType = text; path = RLeapingGPU.cpp.old; sourceTree = "<group>"; };
		F97CBDB618ACBF9A00DB4714 /* AdaptiveTau.h */ = {isa = PBXFileReference; fileEncoding = 4; lastKnownFileType = sourcecode.c.h; path = AdaptiveTau.h; sourceTree = "<group>"; };
		F97CBDB718ACBF9A00DB4714 /* RLeaping.h */ = {isa = PBXFileReference; fileEncoding = 4; lastKnownFileType = sourcecode.c.h; path = RLeaping.h; sourceTree = "<group>"; };
		F97CBDB818ACBF9A00DB4714 /* SSALDM.h */ = {isa = PBXFileReference; fileEncoding = 4; lastKnownFileType = sourcecode.c.h; path = SSALDM.h; sourceTree = "<group>"; };
		F97CBDB918ACBF9A00DB4714 /* AdaptiveSLeapingCL.cpp */ = {isa = PBXFileReference; fileEncoding = 4; lastKnownFileType = sourcecode.cpp.cpp; path = AdaptiveSLeapingCL.cpp; sourceTree = "<group>"; };
		F97CBDBA18ACBF9A00DB4714 /* AdaptiveSLeaping.h */ = {isa = PBXFileReference; fileEncoding = 4; lastKnownFileType = sourcecode.c.h; path = AdaptiveSLeaping.h; sourceTree = "<group>"; };
		F97CBDBB18ACBF9A00DB4714 /* DelayTauLeapingLeier.cpp */ = {isa = PBXFileReference; fileEncoding = 4; lastKnownFileType = sourcecode.cpp.cpp; path = DelayTauLeapingLeier.cpp; sourceTree = "<group>"; };
		F97CBDBC18ACBF9A00DB4714 /* DelayTauLeapingLeier.h */ = {isa = PBXFileReference; fileEncoding = 4; lastKnownFileType = sourcecode.c.h; path = DelayTauLeapingLeier.h; sourceTree = "<group>"; };
		F97CBDBD18ACBF9A00DB4714 /* RootFinderJacobian.cpp */ = {isa = PBXFileReference; fileEncoding = 4; lastKnownFileType = sourcecode.cpp.cpp; path = RootFinderJacobian.cpp; sourceTree = "<group>"; };
		F97CBDBE18ACBF9A00DB4714 /* RLeapingGPU.h.old */ = {isa = PBXFileReference; fileEncoding = 4; lastKnownFileType = text; path = RLeapingGPU.h.old; sourceTree = "<group>"; };
		F97CBDBF18ACBF9A00DB4714 /* SSA.h */ = {isa = PBXFileReference; fileEncoding = 4; lastKnownFileType = sourcecode.c.h; path = SSA.h; sourceTree = "<group>"; };
		F97CBDC018ACBF9A00DB4714 /* TauLeapingCT.cpp */ = {isa = PBXFileReference; fileEncoding = 4; lastKnownFileType = sourcecode.cpp.cpp; path = TauLeapingCT.cpp; sourceTree = "<group>"; };
		F97CBDC118ACBF9A00DB4714 /* SLeaping.cpp */ = {isa = PBXFileReference; fileEncoding = 4; lastKnownFileType = sourcecode.cpp.cpp; path = SLeaping.cpp; sourceTree = "<group>"; };
		F97CBDC218ACBF9A00DB4714 /* RootFinder.cpp */ = {isa = PBXFileReference; fileEncoding = 4; lastKnownFileType = sourcecode.cpp.cpp; path = RootFinder.cpp; sourceTree = "<group>"; };
		F97CBDC318ACBF9A00DB4714 /* DelayTauLeaping.h */ = {isa = PBXFileReference; fileEncoding = 4; lastKnownFileType = sourcecode.c.h; path = DelayTauLeaping.h; sourceTree = "<group>"; };
		F97CBDC418ACBF9A00DB4714 /* SSA.cpp */ = {isa = PBXFileReference; fileEncoding = 4; lastKnownFileType = sourcecode.cpp.cpp; path = SSA.cpp; sourceTree = "<group>"; };
		F97CBDC518ACBF9A00DB4714 /* AdaptiveSLeaping.cpp */ = {isa = PBXFileReference; fileEncoding = 4; lastKnownFileType = sourcecode.cpp.cpp; path = AdaptiveSLeaping.cpp; sourceTree = "<group>"; };
		F97CBDC618ACBF9A00DB4714 /* AdaptiveSLeapingCL.h */ = {isa = PBXFileReference; fileEncoding = 4; lastKnownFileType = sourcecode.c.h; path = AdaptiveSLeapingCL.h; sourceTree = "<group>"; };
		F97CBDC718ACBF9A00DB4714 /* DelayRLeaping.cpp */ = {isa = PBXFileReference; fileEncoding = 4; lastKnownFileType = sourcecode.cpp.cpp; path = DelayRLeaping.cpp; sourceTree = "<group>"; };
		F97CBDC818ACBF9A00DB4714 /* TauLeaping.cpp */ = {isa = PBXFileReference; fileEncoding = 4; lastKnownFileType = sourcecode.cpp.cpp; path = TauLeaping.cpp; sourceTree = "<group>"; };
		F97CBDCA18ACBF9A00DB4714 /* Timer.h */ = {isa = PBXFileReference; fileEncoding = 4; lastKnownFileType = sourcecode.c.h; path = Timer.h; sourceTree = "<group>"; };
		F97CBDCB18ACBF9A00DB4714 /* Timer.cpp */ = {isa = PBXFileReference; fileEncoding = 4; lastKnownFileType = sourcecode.cpp.cpp; path = Timer.cpp; sourceTree = "<group>"; };
		F97CBDCC18ACBF9A00DB4714 /* Simulation.cpp */ = {isa = PBXFileReference; fileEncoding = 4; lastKnownFileType = sourcecode.cpp.cpp; path = Simulation.cpp; sourceTree = "<group>"; };
		F97CBDCD18ACBF9A00DB4714 /* Simulation.h */ = {isa = PBXFileReference; fileEncoding = 4; lastKnownFileType = sourcecode.c.h; path = Simulation.h; sourceTree = "<group>"; };
		F97CBDCE18ACBF9A00DB4714 /* SSMReaction.h */ = {isa = PBXFileReference; fileEncoding = 4; lastKnownFileType = sourcecode.c.h; path = SSMReaction.h; sourceTree = "<group>"; };
/* End PBXFileReference section */

/* Begin PBXFrameworksBuildPhase section */
		8DD76F660486A84900D96B5E /* Frameworks */ = {
			isa = PBXFrameworksBuildPhase;
			buildActionMask = 2147483647;
			files = (
			);
			runOnlyForDeploymentPostprocessing = 0;
		};
/* End PBXFrameworksBuildPhase section */

/* Begin PBXGroup section */
		08FB7794FE84155DC02AAC07 /* SSM */ = {
			isa = PBXGroup;
			children = (
				F97CBD7E18ACBF9A00DB4714 /* source */,
				08FB7795FE84155DC02AAC07 /* Source */,
				C6859E8C029090F304C91782 /* Documentation */,
				1AB674ADFE9D54B511CA2CBB /* Products */,
			);
			name = SSM;
			sourceTree = "<group>";
		};
		08FB7795FE84155DC02AAC07 /* Source */ = {
			isa = PBXGroup;
			children = (
				08FB7796FE84155DC02AAC07 /* main.cpp */,
			);
			name = Source;
			sourceTree = "<group>";
		};
		1AB674ADFE9D54B511CA2CBB /* Products */ = {
			isa = PBXGroup;
			children = (
				8DD76F6C0486A84900D96B5E /* SSM */,
			);
			name = Products;
			sourceTree = "<group>";
		};
		C6859E8C029090F304C91782 /* Documentation */ = {
			isa = PBXGroup;
			children = (
				C6859E8B029090EE04C91782 /* SSM.1 */,
			);
			name = Documentation;
			sourceTree = "<group>";
		};
		F97CBD7E18ACBF9A00DB4714 /* source */ = {
			isa = PBXGroup;
			children = (
				F97CBD7F18ACBF9A00DB4714 /* RandomNumberGenerator_UniformMT.h */,
				F97CBD8018ACBF9A00DB4714 /* HeaderFiles.h */,
				F97CBD8118ACBF9A00DB4714 /* SSM */,
				F97CBD9718ACBF9A00DB4714 /* SBMLReaderAndParser.h */,
				F97CBD9818ACBF9A00DB4714 /* RNGLib */,
				F97CBD9D18ACBF9A00DB4714 /* Jacobian.cpp */,
				F97CBD9E18ACBF9A00DB4714 /* SSMReaction.cpp */,
				F97CBD9F18ACBF9A00DB4714 /* SBMLReaderAndParser.cpp */,
				F97CBDA018ACBF9A00DB4714 /* StochasticSimulationMethods.cpp */,
				F97CBDA118ACBF9A00DB4714 /* StochasticSimulationMethodsGenerateXML.cpp */,
				F97CBDA218ACBF9A00DB4714 /* Methods */,
				F97CBDC918ACBF9A00DB4714 /* Timer */,
				F97CBDCC18ACBF9A00DB4714 /* Simulation.cpp */,
				F97CBDCD18ACBF9A00DB4714 /* Simulation.h */,
				F97CBDCE18ACBF9A00DB4714 /* SSMReaction.h */,
			);
			name = source;
			path = ..;
			sourceTree = SOURCE_ROOT;
		};
		F97CBD8118ACBF9A00DB4714 /* SSM */ = {
			isa = PBXGroup;
			children = (
				F97CBD8218ACBF9A00DB4714 /* SSM.xcodeproj */,
				F97CBD8518ACBF9A00DB4714 /* main.cpp */,
				F97CBD8618ACBF9A00DB4714 /* build */,
				F97CBD9618ACBF9A00DB4714 /* SSM.1 */,
			);
			path = SSM;
			sourceTree = "<group>";
		};
		F97CBD8318ACBF9A00DB4714 /* Products */ = {
			isa = PBXGroup;
			children = (
			);
			name = Products;
			sourceTree = "<group>";
		};
		F97CBD8618ACBF9A00DB4714 /* build */ = {
			isa = PBXGroup;
			children = (
				F97CBD8718ACBF9A00DB4714 /* SSM.build */,
			);
			path = build;
			sourceTree = "<group>";
		};
		F97CBD8718ACBF9A00DB4714 /* SSM.build */ = {
			isa = PBXGroup;
			children = (
				F97CBD8818ACBF9A00DB4714 /* SSM.pbxindex */,
			);
			path = SSM.build;
			sourceTree = "<group>";
		};
		F97CBD8818ACBF9A00DB4714 /* SSM.pbxindex */ = {
			isa = PBXGroup;
			children = (
				F97CBD8918ACBF9A00DB4714 /* decls.pbxbtree */,
				F97CBD8A18ACBF9A00DB4714 /* files.pbxbtree */,
				F97CBD8B18ACBF9A00DB4714 /* categories.pbxbtree */,
				F97CBD8C18ACBF9A00DB4714 /* cdecls.pbxbtree */,
				F97CBD8D18ACBF9A00DB4714 /* imports.pbxbtree */,
				F97CBD8E18ACBF9A00DB4714 /* subclasses.pbxbtree */,
				F97CBD8F18ACBF9A00DB4714 /* protocols.pbxbtree */,
				F97CBD9018ACBF9A00DB4714 /* symbols0.pbxsymbols */,
				F97CBD9118ACBF9A00DB4714 /* refs.pbxbtree */,
				F97CBD9218ACBF9A00DB4714 /* strings.pbxstrings */,
				F97CBD9518ACBF9A00DB4714 /* pbxindex.header */,
			);
			path = SSM.pbxindex;
			sourceTree = "<group>";
		};
		F97CBD9218ACBF9A00DB4714 /* strings.pbxstrings */ = {
			isa = PBXGroup;
			children = (
				F97CBD9318ACBF9A00DB4714 /* control */,
				F97CBD9418ACBF9A00DB4714 /* strings */,
			);
			path = strings.pbxstrings;
			sourceTree = "<group>";
		};
		F97CBD9818ACBF9A00DB4714 /* RNGLib */ = {
			isa = PBXGroup;
			children = (
				F97CBD9918ACBF9A00DB4714 /* ranlib.cpp */,
				F97CBD9A18ACBF9A00DB4714 /* linpack.cpp */,
				F97CBD9B18ACBF9A00DB4714 /* ranlib.h */,
				F97CBD9C18ACBF9A00DB4714 /* com.cpp */,
			);
			path = RNGLib;
			sourceTree = "<group>";
		};
		F97CBDA218ACBF9A00DB4714 /* Methods */ = {
			isa = PBXGroup;
			children = (
				F97CBDA318ACBF9A00DB4714 /* TauLeaping.h */,
				F97CBDA418ACBF9A00DB4714 /* DelayTauLeapingPhilippe.h */,
				F97CBDA518ACBF9A00DB4714 /* DelaySSA.cpp */,
				F97CBDA618ACBF9A00DB4714 /* RootFinderJacobian.h */,
				F97CBDA718ACBF9A00DB4714 /* RLeaping.cpp */,
				F97CBDA818ACBF9A00DB4714 /* DelayTauLeapingPhilippe.cpp */,
				F97CBDA918ACBF9A00DB4714 /* LeapMethod.h */,
				F97CBDAA18ACBF9A00DB4714 /* DelayRLeaping.h */,
				F97CBDAB18ACBF9A00DB4714 /* AdaptiveTau.cpp */,
				F97CBDAC18ACBF9A00DB4714 /* SLeaping.h */,
				F97CBDAD18ACBF9A00DB4714 /* TauLeapingCT.h */,
				F97CBDAE18ACBF9A00DB4714 /* RootFinder.h */,
				F97CBDAF18ACBF9A00DB4714 /* DelayTauLeaping.cpp */,
				F97CBDB018ACBF9A00DB4714 /* SSALDM.cpp */,
				F97CBDB118ACBF9A00DB4714 /* DelaySSA.h */,
				F97CBDB218ACBF9A00DB4714 /* RLeapingJana.cpp */,
				F97CBDB318ACBF9A00DB4714 /* Method.h */,
				F97CBDB418ACBF9A00DB4714 /* RLeapingJana.h */,
				F97CBDB518ACBF9A00DB4714 /* RLeapingGPU.cpp.old */,
				F97CBDB618ACBF9A00DB4714 /* AdaptiveTau.h */,
				F97CBDB718ACBF9A00DB4714 /* RLeaping.h */,
				F97CBDB818ACBF9A00DB4714 /* SSALDM.h */,
				F97CBDB918ACBF9A00DB4714 /* AdaptiveSLeapingCL.cpp */,
				F97CBDBA18ACBF9A00DB4714 /* AdaptiveSLeaping.h */,
				F97CBDBB18ACBF9A00DB4714 /* DelayTauLeapingLeier.cpp */,
				F97CBDBC18ACBF9A00DB4714 /* DelayTauLeapingLeier.h */,
				F97CBDBD18ACBF9A00DB4714 /* RootFinderJacobian.cpp */,
				F97CBDBE18ACBF9A00DB4714 /* RLeapingGPU.h.old */,
				F97CBDBF18ACBF9A00DB4714 /* SSA.h */,
				F97CBDC018ACBF9A00DB4714 /* TauLeapingCT.cpp */,
				F97CBDC118ACBF9A00DB4714 /* SLeaping.cpp */,
				F97CBDC218ACBF9A00DB4714 /* RootFinder.cpp */,
				F97CBDC318ACBF9A00DB4714 /* DelayTauLeaping.h */,
				F97CBDC418ACBF9A00DB4714 /* SSA.cpp */,
				F97CBDC518ACBF9A00DB4714 /* AdaptiveSLeaping.cpp */,
				F97CBDC618ACBF9A00DB4714 /* AdaptiveSLeapingCL.h */,
				F97CBDC718ACBF9A00DB4714 /* DelayRLeaping.cpp */,
				F97CBDC818ACBF9A00DB4714 /* TauLeaping.cpp */,
			);
			path = Methods;
			sourceTree = "<group>";
		};
		F97CBDC918ACBF9A00DB4714 /* Timer */ = {
			isa = PBXGroup;
			children = (
				F97CBDCA18ACBF9A00DB4714 /* Timer.h */,
				F97CBDCB18ACBF9A00DB4714 /* Timer.cpp */,
			);
			path = Timer;
			sourceTree = "<group>";
		};
/* End PBXGroup section */

/* Begin PBXNativeTarget section */
		8DD76F620486A84900D96B5E /* SSM */ = {
			isa = PBXNativeTarget;
			buildConfigurationList = 1DEB923108733DC60010E9CD /* Build configuration list for PBXNativeTarget "SSM" */;
			buildPhases = (
				8DD76F640486A84900D96B5E /* Sources */,
				8DD76F660486A84900D96B5E /* Frameworks */,
				8DD76F690486A84900D96B5E /* CopyFiles */,
			);
			buildRules = (
			);
			dependencies = (
			);
			name = SSM;
			productInstallPath = "$(HOME)/bin";
			productName = SSM;
			productReference = 8DD76F6C0486A84900D96B5E /* SSM */;
			productType = "com.apple.product-type.tool";
		};
/* End PBXNativeTarget section */

/* Begin PBXProject section */
		08FB7793FE84155DC02AAC07 /* Project object */ = {
			isa = PBXProject;
			buildConfigurationList = 1DEB923508733DC60010E9CD /* Build configuration list for PBXProject "SSM" */;
			compatibilityVersion = "Xcode 3.1";
			developmentRegion = English;
			hasScannedForEncodings = 1;
			knownRegions = (
				English,
				Japanese,
				French,
				German,
			);
			mainGroup = 08FB7794FE84155DC02AAC07 /* SSM */;
			projectDirPath = "";
			projectReferences = (
				{
					ProductGroup = F97CBD8318ACBF9A00DB4714 /* Products */;
					ProjectRef = F97CBD8218ACBF9A00DB4714 /* SSM.xcodeproj */;
				},
			);
			projectRoot = "";
			targets = (
				8DD76F620486A84900D96B5E /* SSM */,
			);
		};
/* End PBXProject section */

/* Begin PBXSourcesBuildPhase section */
		8DD76F640486A84900D96B5E /* Sources */ = {
			isa = PBXSourcesBuildPhase;
			buildActionMask = 2147483647;
			files = (
				8DD76F650486A84900D96B5E /* main.cpp in Sources */,
				F97CBDCF18ACBF9A00DB4714 /* main.cpp in Sources */,
				F97CBDD018ACBF9A00DB4714 /* ranlib.cpp in Sources */,
				F97CBDD118ACBF9A00DB4714 /* linpack.cpp in Sources */,
				F97CBDD218ACBF9A00DB4714 /* com.cpp in Sources */,
				F97CBDD318ACBF9A00DB4714 /* Jacobian.cpp in Sources */,
				F97CBDD418ACBF9A00DB4714 /* SSMReaction.cpp in Sources */,
				F97CBDD518ACBF9A00DB4714 /* SBMLReaderAndParser.cpp in Sources */,
				F97CBDD618ACBF9A00DB4714 /* StochasticSimulationMethods.cpp in Sources */,
				F97CBDD718ACBF9A00DB4714 /* StochasticSimulationMethodsGenerateXML.cpp in Sources */,
				F97CBDD818ACBF9A00DB4714 /* DelaySSA.cpp in Sources */,
				F97CBDD918ACBF9A00DB4714 /* RLeaping.cpp in Sources */,
				F97CBDDA18ACBF9A00DB4714 /* DelayTauLeapingPhilippe.cpp in Sources */,
				F97CBDDB18ACBF9A00DB4714 /* AdaptiveTau.cpp in Sources */,
				F97CBDDC18ACBF9A00DB4714 /* DelayTauLeaping.cpp in Sources */,
				F97CBDDD18ACBF9A00DB4714 /* SSALDM.cpp in Sources */,
				F97CBDDE18ACBF9A00DB4714 /* RLeapingJana.cpp in Sources */,
				F97CBDDF18ACBF9A00DB4714 /* AdaptiveSLeapingCL.cpp in Sources */,
				F97CBDE018ACBF9A00DB4714 /* DelayTauLeapingLeier.cpp in Sources */,
				F97CBDE118ACBF9A00DB4714 /* RootFinderJacobian.cpp in Sources */,
				F97CBDE218ACBF9A00DB4714 /* TauLeapingCT.cpp in Sources */,
				F97CBDE318ACBF9A00DB4714 /* SLeaping.cpp in Sources */,
				F97CBDE418ACBF9A00DB4714 /* RootFinder.cpp in Sources */,
				F97CBDE518ACBF9A00DB4714 /* SSA.cpp in Sources */,
				F97CBDE618ACBF9A00DB4714 /* AdaptiveSLeaping.cpp in Sources */,
				F97CBDE718ACBF9A00DB4714 /* DelayRLeaping.cpp in Sources */,
				F97CBDE818ACBF9A00DB4714 /* TauLeaping.cpp in Sources */,
				F97CBDE918ACBF9A00DB4714 /* Timer.cpp in Sources */,
				F97CBDEA18ACBF9A00DB4714 /* Simulation.cpp in Sources */,
			);
			runOnlyForDeploymentPostprocessing = 0;
		};
/* End PBXSourcesBuildPhase section */

/* Begin XCBuildConfiguration section */
		1DEB923208733DC60010E9CD /* Debug */ = {
			isa = XCBuildConfiguration;
			buildSettings = {
				ALWAYS_SEARCH_USER_PATHS = NO;
				COPY_PHASE_STRIP = NO;
				GCC_DYNAMIC_NO_PIC = NO;
				GCC_ENABLE_FIX_AND_CONTINUE = YES;
				GCC_MODEL_TUNING = G5;
				GCC_OPTIMIZATION_LEVEL = 0;
				INSTALL_PATH = /usr/local/bin;
				PRODUCT_NAME = SSM;
			};
			name = Debug;
		};
		1DEB923308733DC60010E9CD /* Release */ = {
			isa = XCBuildConfiguration;
			buildSettings = {
				ALWAYS_SEARCH_USER_PATHS = NO;
				DEBUG_INFORMATION_FORMAT = "dwarf-with-dsym";
				GCC_MODEL_TUNING = G5;
				INSTALL_PATH = /usr/local/bin;
				PRODUCT_NAME = SSM;
			};
			name = Release;
		};
		1DEB923608733DC60010E9CD /* Debug */ = {
			isa = XCBuildConfiguration;
			buildSettings = {
				ARCHS = "$(ARCHS_STANDARD_32_64_BIT)";
				GCC_C_LANGUAGE_STANDARD = gnu99;
				GCC_OPTIMIZATION_LEVEL = 0;
				GCC_WARN_ABOUT_RETURN_TYPE = YES;
				GCC_WARN_UNUSED_VARIABLE = YES;
				ONLY_ACTIVE_ARCH = YES;
				PREBINDING = NO;
				SDKROOT = macosx10.6;
			};
			name = Debug;
		};
		1DEB923708733DC60010E9CD /* Release */ = {
			isa = XCBuildConfiguration;
			buildSettings = {
				ARCHS = "$(ARCHS_STANDARD_32_64_BIT)";
				GCC_C_LANGUAGE_STANDARD = gnu99;
				GCC_WARN_ABOUT_RETURN_TYPE = YES;
				GCC_WARN_UNUSED_VARIABLE = YES;
				PREBINDING = NO;
				SDKROOT = macosx10.6;
			};
			name = Release;
		};
/* End XCBuildConfiguration section */

/* Begin XCConfigurationList section */
		1DEB923108733DC60010E9CD /* Build configuration list for PBXNativeTarget "SSM" */ = {
			isa = XCConfigurationList;
			buildConfigurations = (
				1DEB923208733DC60010E9CD /* Debug */,
				1DEB923308733DC60010E9CD /* Release */,
			);
			defaultConfigurationIsVisible = 0;
			defaultConfigurationName = Release;
		};
		1DEB923508733DC60010E9CD /* Build configuration list for PBXProject "SSM" */ = {
			isa = XCConfigurationList;
			buildConfigurations = (
				1DEB923608733DC60010E9CD /* Debug */,
				1DEB923708733DC60010E9CD /* Release */,
			);
			defaultConfigurationIsVisible = 0;
			defaultConfigurationName = Release;
		};
/* End XCConfigurationList section */
	};
	rootObject = 08FB7793FE84155DC02AAC07 /* Project object */;
}
